# This file is automatically @generated by Cargo.
# It is not intended for manual editing.
version = 3

[[package]]
name = "bitstream-io"
version = "1.2.0"
source = "registry+https://github.com/rust-lang/crates.io-index"
checksum = "521f9cfb75191e53bc98586398c3104a2b10812475930f09eeccb5144fc3e68b"

[[package]]
name = "part1"
version = "0.1.0"
dependencies = [
 "bitstream-io",
]
