# This file is automatically @generated by Cargo.
# It is not intended for manual editing.
version = 3

[[package]]
name = "combinatorial"
version = "0.2.0"
source = "registry+https://github.com/rust-lang/crates.io-index"
checksum = "7bdaf2f71259174671afdb568c8d911635472605f7f4be8b6c08bcc69ea3ed84"

[[package]]
name = "d11"
version = "0.1.0"
dependencies = [
 "combinatorial",
]
